
Microsoft Visual Studio Solution File, Format Version 12.00
# Visual Studio Version 17
VisualStudioVersion = 17.14.36518.9 d17.14
MinimumVisualStudioVersion = 10.0.40219.1
Project("{FAE04EC0-301F-11D3-BF4B-00C04F79EFBC}") = "MyFirstProject", "MyFirstProject\MyFirstProject.csproj", "{98F0E94E-C5A1-4D21-83FC-48C6C75ECE9A}"
EndProject
Global
	GlobalSection(SolutionConfigurationPlatforms) = preSolution
		Debug|Any CPU = Debug|Any CPU
		Release|Any CPU = Release|Any CPU
	EndGlobalSection
	GlobalSection(ProjectConfigurationPlatforms) = postSolution
		{98F0E94E-C5A1-4D21-83FC-48C6C75ECE9A}.Debug|Any CPU.ActiveCfg = Debug|Any CPU
		{98F0E94E-C5A1-4D21-83FC-48C6C75ECE9A}.Debug|Any CPU.Build.0 = Debug|Any CPU
		{98F0E94E-C5A1-4D21-83FC-48C6C75ECE9A}.Release|Any CPU.ActiveCfg = Release|Any CPU
		{98F0E94E-C5A1-4D21-83FC-48C6C75ECE9A}.Release|Any CPU.Build.0 = Release|Any CPU
	EndGlobalSection
	GlobalSection(SolutionProperties) = preSolution
		HideSolutionNode = FALSE
	EndGlobalSection
	GlobalSection(ExtensibilityGlobals) = postSolution
		SolutionGuid = {6BD5DF8B-86B1-478E-A803-D09EBB5AACFD}
	EndGlobalSection
EndGlobal
