
Microsoft Visual Studio Solution File, Format Version 12.00
# Visual Studio Version 17
VisualStudioVersion = 17.14.36518.9 d17.14
MinimumVisualStudioVersion = 10.0.40219.1
Project("{FAE04EC0-301F-11D3-BF4B-00C04F79EFBC}") = "Conversions", "Conversions\Conversions.csproj", "{91CF41A1-9731-45C5-84F5-081F8875847B}"
EndProject
Global
	GlobalSection(SolutionConfigurationPlatforms) = preSolution
		Debug|Any CPU = Debug|Any CPU
		Release|Any CPU = Release|Any CPU
	EndGlobalSection
	GlobalSection(ProjectConfigurationPlatforms) = postSolution
		{91CF41A1-9731-45C5-84F5-081F8875847B}.Debug|Any CPU.ActiveCfg = Debug|Any CPU
		{91CF41A1-9731-45C5-84F5-081F8875847B}.Debug|Any CPU.Build.0 = Debug|Any CPU
		{91CF41A1-9731-45C5-84F5-081F8875847B}.Release|Any CPU.ActiveCfg = Release|Any CPU
		{91CF41A1-9731-45C5-84F5-081F8875847B}.Release|Any CPU.Build.0 = Release|Any CPU
	EndGlobalSection
	GlobalSection(SolutionProperties) = preSolution
		HideSolutionNode = FALSE
	EndGlobalSection
	GlobalSection(ExtensibilityGlobals) = postSolution
		SolutionGuid = {0C1F5B6B-4B02-499E-8DF2-1D1989FB594B}
	EndGlobalSection
EndGlobal
